
Microsoft Visual Studio Solution File, Format Version 12.00
Project("{FAE04EC0-301F-11D3-BF4B-00C04F79EFBC}") = "Emby.GitHubRepoPluginInstall", "Emby.GitHubRepoPluginInstall\Emby.GitHubRepoPluginInstall.csproj", "{9D1CBF60-001D-4F24-83B9-32526C5D36D7}"
EndProject
Project("{2150E333-8FDC-42A3-9474-1A3956D46DE8}") = "tests", "tests", "{0AB3BF05-4346-4AA6-1389-037BE0695223}"
EndProject
Project("{FAE04EC0-301F-11D3-BF4B-00C04F79EFBC}") = "Emby.GitHubRepoPluginInstall.Tests", "tests\Emby.GitHubRepoPluginInstall.Tests\Emby.GitHubRepoPluginInstall.Tests.csproj", "{30502FA6-6FFC-4263-BBA8-63C064E9CA0A}"
EndProject
Global
	GlobalSection(SolutionConfigurationPlatforms) = preSolution
		Debug|Any CPU = Debug|Any CPU
		Debug|x64 = Debug|x64
		Debug|x86 = Debug|x86
		Release|Any CPU = Release|Any CPU
		Release|x64 = Release|x64
		Release|x86 = Release|x86
	EndGlobalSection
	GlobalSection(ProjectConfigurationPlatforms) = postSolution
		{9D1CBF60-001D-4F24-83B9-32526C5D36D7}.Debug|Any CPU.ActiveCfg = Debug|Any CPU
		{9D1CBF60-001D-4F24-83B9-32526C5D36D7}.Debug|Any CPU.Build.0 = Debug|Any CPU
		{9D1CBF60-001D-4F24-83B9-32526C5D36D7}.Debug|x64.ActiveCfg = Debug|Any CPU
		{9D1CBF60-001D-4F24-83B9-32526C5D36D7}.Debug|x64.Build.0 = Debug|Any CPU
		{9D1CBF60-001D-4F24-83B9-32526C5D36D7}.Debug|x86.ActiveCfg = Debug|Any CPU
		{9D1CBF60-001D-4F24-83B9-32526C5D36D7}.Debug|x86.Build.0 = Debug|Any CPU
		{9D1CBF60-001D-4F24-83B9-32526C5D36D7}.Release|Any CPU.ActiveCfg = Release|Any CPU
		{9D1CBF60-001D-4F24-83B9-32526C5D36D7}.Release|Any CPU.Build.0 = Release|Any CPU
		{9D1CBF60-001D-4F24-83B9-32526C5D36D7}.Release|x64.ActiveCfg = Release|Any CPU
		{9D1CBF60-001D-4F24-83B9-32526C5D36D7}.Release|x64.Build.0 = Release|Any CPU
		{9D1CBF60-001D-4F24-83B9-32526C5D36D7}.Release|x86.ActiveCfg = Release|Any CPU
		{9D1CBF60-001D-4F24-83B9-32526C5D36D7}.Release|x86.Build.0 = Release|Any CPU
		{30502FA6-6FFC-4263-BBA8-63C064E9CA0A}.Debug|Any CPU.ActiveCfg = Debug|Any CPU
		{30502FA6-6FFC-4263-BBA8-63C064E9CA0A}.Debug|Any CPU.Build.0 = Debug|Any CPU
		{30502FA6-6FFC-4263-BBA8-63C064E9CA0A}.Debug|x64.ActiveCfg = Debug|Any CPU
		{30502FA6-6FFC-4263-BBA8-63C064E9CA0A}.Debug|x64.Build.0 = Debug|Any CPU
		{30502FA6-6FFC-4263-BBA8-63C064E9CA0A}.Debug|x86.ActiveCfg = Debug|Any CPU
		{30502FA6-6FFC-4263-BBA8-63C064E9CA0A}.Debug|x86.Build.0 = Debug|Any CPU
		{30502FA6-6FFC-4263-BBA8-63C064E9CA0A}.Release|Any CPU.ActiveCfg = Release|Any CPU
		{30502FA6-6FFC-4263-BBA8-63C064E9CA0A}.Release|Any CPU.Build.0 = Release|Any CPU
		{30502FA6-6FFC-4263-BBA8-63C064E9CA0A}.Release|x64.ActiveCfg = Release|Any CPU
		{30502FA6-6FFC-4263-BBA8-63C064E9CA0A}.Release|x64.Build.0 = Release|Any CPU
		{30502FA6-6FFC-4263-BBA8-63C064E9CA0A}.Release|x86.ActiveCfg = Release|Any CPU
		{30502FA6-6FFC-4263-BBA8-63C064E9CA0A}.Release|x86.Build.0 = Release|Any CPU
	EndGlobalSection
	GlobalSection(SolutionProperties) = preSolution
		HideSolutionNode = FALSE
	EndGlobalSection
	GlobalSection(NestedProjects) = preSolution
		{30502FA6-6FFC-4263-BBA8-63C064E9CA0A} = {0AB3BF05-4346-4AA6-1389-037BE0695223}
	EndGlobalSection
EndGlobal
